github.com/DataDog/datadog-agent/pkg/gohai v0.46.0 h1:WaQNJLrBpWrkCUFXy4M7G8mOInNpb7f5yNE59YGkUFQ=
github.com/DataDog/datadog-agent/pkg/gohai v0.46.0/go.mod h1:XqN/xWYaxU3l/hBJXohHCJ+YPInLGvXtIia0TViVQMc=
github.com/cihub/seelog v0.0.0-20151216151435-d2c6e5aa9fbf h1:XI2tOTCBqEnMyN2j1yPBI07yQHeywUSCEf8YWqf0oKw=
github.com/cihub/seelog v0.0.0-20151216151435-d2c6e5aa9fbf/go.mod h1:9d6lWj8KzO/fd/NrVaLscBKmPigpZpn5YawRPw+e3Yo=
github.com/davecgh/go-spew v1.1.1 h1:vj9j/u1bqnvCEfJOwUhtlOARqs3+rkHYY13jYWTU97c=
github.com/pmezard/go-difflib v1.0.0 h1:4DBwDE0NGyQoBHbLQYPwSUPoCMWR5BEzIk/f1lZbAQM=
github.com/stretchr/testify v1.8.2 h1:+h33VjcLVPDHtOdpUCuF+7gSuG3yGIftsP1YvFihtJ8=
golang.org/x/sys v0.3.0 h1:w8ZOecv6NaNa/zC8944JTU3vz4u6Lagfk4RPQxv92NQ=
golang.org/x/sys v0.3.0/go.mod h1:oPkhp1MJrh7nUepCBck5+mAzfO9JrbApNNgaTdGDITg=
gopkg.in/yaml.v3 v3.0.1 h1:fxVm/GzAzEWqLHuvctI91KS9hhNmmWOoWu0XTYJS7CA=
